// !$*UTF8*$!
{
	archiveVersion = 1;
	classes = {
	};
	objectVersion = 46;
	objects = {

/* Begin PBXBuildFile section */
		EA2BDD4117D4E27D006A95FB /* KelimeEkleViewController.m in Sources */ = {isa = PBXBuildFile; fileRef = EA2BDD4017D4E27D006A95FB /* KelimeEkleViewController.m */; };
		EA5A7B5617D72E29005FE249 /* btnOk2x.png in Resources */ = {isa = PBXBuildFile; fileRef = EA5A7B5417D72E29005FE249 /* btnOk2x.png */; };
		EA5A7B5817D72F8B005FE249 /* btnOk.png in Resources */ = {isa = PBXBuildFile; fileRef = EA5A7B5717D72F8B005FE249 /* btnOk.png */; };
		EA5A7B5B17D73CAD005FE249 /* btnGeri.png in Resources */ = {isa = PBXBuildFile; fileRef = EA5A7B5917D73CAD005FE249 /* btnGeri.png */; };
		EA5A7B5C17D73CAD005FE249 /* btnGeri2x.png in Resources */ = {isa = PBXBuildFile; fileRef = EA5A7B5A17D73CAD005FE249 /* btnGeri2x.png */; };
		EA72011917EC319F0060AC7C /* btnMenu.png in Resources */ = {isa = PBXBuildFile; fileRef = EA72011717EC319F0060AC7C /* btnMenu.png */; };
		EA72011A17EC319F0060AC7C /* btnMenu2x.png in Resources */ = {isa = PBXBuildFile; fileRef = EA72011817EC319F0060AC7C /* btnMenu2x.png */; };
		EA72011D17EC6CB90060AC7C /* SavePoetry.m in Sources */ = {isa = PBXBuildFile; fileRef = EA72011C17EC6CB90060AC7C /* SavePoetry.m */; };
		EA72012417EC85A00060AC7C /* SavePoetryView.m in Sources */ = {isa = PBXBuildFile; fileRef = EA72012317EC85A00060AC7C /* SavePoetryView.m */; };
		EA819E3317E9A3F800AED135 /* btnArkaPlan.png in Resources */ = {isa = PBXBuildFile; fileRef = EA819E3117E9A3F800AED135 /* btnArkaPlan.png */; };
		EA819E3417E9A3F800AED135 /* btnArkaPlan2x.png in Resources */ = {isa = PBXBuildFile; fileRef = EA819E3217E9A3F800AED135 /* btnArkaPlan2x.png */; };
		EA819E3717E9A53F00AED135 /* btnFont.png in Resources */ = {isa = PBXBuildFile; fileRef = EA819E3517E9A53F00AED135 /* btnFont.png */; };
		EA819E3817E9A53F00AED135 /* btnFont2x.png in Resources */ = {isa = PBXBuildFile; fileRef = EA819E3617E9A53F00AED135 /* btnFont2x.png */; };
		EA819E3B17E9F7A300AED135 /* btnFx.png in Resources */ = {isa = PBXBuildFile; fileRef = EA819E3917E9F7A200AED135 /* btnFx.png */; };
		EA819E3C17E9F7A300AED135 /* btnFx2x.png in Resources */ = {isa = PBXBuildFile; fileRef = EA819E3A17E9F7A300AED135 /* btnFx2x.png */; };
		EA83C79C17D6229600AEB76A /* colors.png in Resources */ = {isa = PBXBuildFile; fileRef = EA83C79A17D6229600AEB76A /* colors.png */; };
		EA83C79D17D6229600AEB76A /* colors2x.png in Resources */ = {isa = PBXBuildFile; fileRef = EA83C79B17D6229600AEB76A /* colors2x.png */; };
		EA83C7A017D622F900AEB76A /* colors-highlighted.png in Resources */ = {isa = PBXBuildFile; fileRef = EA83C79E17D622F900AEB76A /* colors-highlighted.png */; };
		EA83C7A117D622F900AEB76A /* colors2x-highlighted.png in Resources */ = {isa = PBXBuildFile; fileRef = EA83C79F17D622F900AEB76A /* colors2x-highlighted.png */; };
		EA83C7A417D62A4300AEB76A /* RenklerViewController.m in Sources */ = {isa = PBXBuildFile; fileRef = EA83C7A317D62A4300AEB76A /* RenklerViewController.m */; };
		EA9CEEFD17D9C0AC009994A5 /* FontPicker.m in Sources */ = {isa = PBXBuildFile; fileRef = EA9CEEFC17D9C0AC009994A5 /* FontPicker.m */; };
		EA9D2E5F17DDC8FE00209F94 /* pw_pattern_@4X.png in Resources */ = {isa = PBXBuildFile; fileRef = EA9D2E5D17DDC8FE00209F94 /* pw_pattern_@4X.png */; };
		EA9FA6E017CF8E5A003938E4 /* minus.png in Resources */ = {isa = PBXBuildFile; fileRef = EA9FA6DC17CF8E5A003938E4 /* minus.png */; };
		EA9FA6E117CF8E5A003938E4 /* minus2x.png in Resources */ = {isa = PBXBuildFile; fileRef = EA9FA6DD17CF8E5A003938E4 /* minus2x.png */; };
		EA9FA6E217CF8E5A003938E4 /* plus.png in Resources */ = {isa = PBXBuildFile; fileRef = EA9FA6DE17CF8E5A003938E4 /* plus.png */; };
		EA9FA6E317CF8E5A003938E4 /* plus2x.png in Resources */ = {isa = PBXBuildFile; fileRef = EA9FA6DF17CF8E5A003938E4 /* plus2x.png */; };
		EA9FA6E817CF9299003938E4 /* minus-highlighted.png in Resources */ = {isa = PBXBuildFile; fileRef = EA9FA6E417CF9299003938E4 /* minus-highlighted.png */; };
		EA9FA6E917CF9299003938E4 /* minus-highlighted2x.png in Resources */ = {isa = PBXBuildFile; fileRef = EA9FA6E517CF9299003938E4 /* minus-highlighted2x.png */; };
		EA9FA6EA17CF9299003938E4 /* plus-highlighted.png in Resources */ = {isa = PBXBuildFile; fileRef = EA9FA6E617CF9299003938E4 /* plus-highlighted.png */; };
		EA9FA6EB17CF9299003938E4 /* plus-highlighted2x.png in Resources */ = {isa = PBXBuildFile; fileRef = EA9FA6E717CF9299003938E4 /* plus-highlighted2x.png */; };
		EAA1893917D870CD009E40CF /* QuartzCore.framework in Frameworks */ = {isa = PBXBuildFile; fileRef = EAA1893817D870CD009E40CF /* QuartzCore.framework */; };
		EAA1893C17D8AB42009E40CF /* FontsTableView.m in Sources */ = {isa = PBXBuildFile; fileRef = EAA1893B17D8AB42009E40CF /* FontsTableView.m */; };
		EAA414FA17CDDCAE001E9E8A /* UIKit.framework in Frameworks */ = {isa = PBXBuildFile; fileRef = EAA414F917CDDCAE001E9E8A /* UIKit.framework */; };
		EAA414FC17CDDCAE001E9E8A /* Foundation.framework in Frameworks */ = {isa = PBXBuildFile; fileRef = EAA414FB17CDDCAE001E9E8A /* Foundation.framework */; };
		EAA414FE17CDDCAE001E9E8A /* CoreGraphics.framework in Frameworks */ = {isa = PBXBuildFile; fileRef = EAA414FD17CDDCAE001E9E8A /* CoreGraphics.framework */; };
		EAA4150017CDDCAE001E9E8A /* CoreData.framework in Frameworks */ = {isa = PBXBuildFile; fileRef = EAA414FF17CDDCAE001E9E8A /* CoreData.framework */; };
		EAA4150617CDDCAE001E9E8A /* InfoPlist.strings in Resources */ = {isa = PBXBuildFile; fileRef = EAA4150417CDDCAE001E9E8A /* InfoPlist.strings */; };
		EAA4150817CDDCAE001E9E8A /* main.m in Sources */ = {isa = PBXBuildFile; fileRef = EAA4150717CDDCAE001E9E8A /* main.m */; };
		EAA4150C17CDDCAE001E9E8A /* AppDelegate.m in Sources */ = {isa = PBXBuildFile; fileRef = EAA4150B17CDDCAE001E9E8A /* AppDelegate.m */; };
		EAA4150E17CDDCAE001E9E8A /* Default.png in Resources */ = {isa = PBXBuildFile; fileRef = EAA4150D17CDDCAE001E9E8A /* Default.png */; };
		EAA4151017CDDCAE001E9E8A /* Default@2x.png in Resources */ = {isa = PBXBuildFile; fileRef = EAA4150F17CDDCAE001E9E8A /* Default@2x.png */; };
		EAA4151217CDDCAE001E9E8A /* Default-568h@2x.png in Resources */ = {isa = PBXBuildFile; fileRef = EAA4151117CDDCAE001E9E8A /* Default-568h@2x.png */; };
		EAA4151517CDDCAE001E9E8A /* Sairane.xcdatamodeld in Sources */ = {isa = PBXBuildFile; fileRef = EAA4151317CDDCAE001E9E8A /* Sairane.xcdatamodeld */; };
		EAA4151C17CDDCEB001E9E8A /* main.storyboard in Resources */ = {isa = PBXBuildFile; fileRef = EAA4151B17CDDCEB001E9E8A /* main.storyboard */; };
		EAA4151F17CDDD07001E9E8A /* MainViewController.m in Sources */ = {isa = PBXBuildFile; fileRef = EAA4151E17CDDD07001E9E8A /* MainViewController.m */; };
		EAA4152217CDDE8D001E9E8A /* Wording.m in Sources */ = {isa = PBXBuildFile; fileRef = EAA4152117CDDE8D001E9E8A /* Wording.m */; };
/* End PBXBuildFile section */

/* Begin PBXFileReference section */
		EA2BDD3F17D4E27D006A95FB /* KelimeEkleViewController.h */ = {isa = PBXFileReference; fileEncoding = 4; lastKnownFileType = sourcecode.c.h; path = KelimeEkleViewController.h; sourceTree = "<group>"; };
		EA2BDD4017D4E27D006A95FB /* KelimeEkleViewController.m */ = {isa = PBXFileReference; fileEncoding = 4; lastKnownFileType = sourcecode.c.objc; path = KelimeEkleViewController.m; sourceTree = "<group>"; };
		EA5A7B5417D72E29005FE249 /* btnOk2x.png */ = {isa = PBXFileReference; lastKnownFileType = image.png; path = btnOk2x.png; sourceTree = "<group>"; };
		EA5A7B5717D72F8B005FE249 /* btnOk.png */ = {isa = PBXFileReference; lastKnownFileType = image.png; path = btnOk.png; sourceTree = "<group>"; };
		EA5A7B5917D73CAD005FE249 /* btnGeri.png */ = {isa = PBXFileReference; lastKnownFileType = image.png; path = btnGeri.png; sourceTree = "<group>"; };
		EA5A7B5A17D73CAD005FE249 /* btnGeri2x.png */ = {isa = PBXFileReference; lastKnownFileType = image.png; path = btnGeri2x.png; sourceTree = "<group>"; };
		EA72011717EC319F0060AC7C /* btnMenu.png */ = {isa = PBXFileReference; lastKnownFileType = image.png; path = btnMenu.png; sourceTree = "<group>"; };
		EA72011817EC319F0060AC7C /* btnMenu2x.png */ = {isa = PBXFileReference; lastKnownFileType = image.png; path = btnMenu2x.png; sourceTree = "<group>"; };
		EA72011B17EC6CB90060AC7C /* SavePoetry.h */ = {isa = PBXFileReference; fileEncoding = 4; lastKnownFileType = sourcecode.c.h; path = SavePoetry.h; sourceTree = "<group>"; };
		EA72011C17EC6CB90060AC7C /* SavePoetry.m */ = {isa = PBXFileReference; fileEncoding = 4; lastKnownFileType = sourcecode.c.objc; path = SavePoetry.m; sourceTree = "<group>"; };
		EA72012217EC85A00060AC7C /* SavePoetryView.h */ = {isa = PBXFileReference; fileEncoding = 4; lastKnownFileType = sourcecode.c.h; path = SavePoetryView.h; sourceTree = "<group>"; };
		EA72012317EC85A00060AC7C /* SavePoetryView.m */ = {isa = PBXFileReference; fileEncoding = 4; lastKnownFileType = sourcecode.c.objc; path = SavePoetryView.m; sourceTree = "<group>"; };
		EA819E3117E9A3F800AED135 /* btnArkaPlan.png */ = {isa = PBXFileReference; lastKnownFileType = image.png; path = btnArkaPlan.png; sourceTree = "<group>"; };
		EA819E3217E9A3F800AED135 /* btnArkaPlan2x.png */ = {isa = PBXFileReference; lastKnownFileType = image.png; path = btnArkaPlan2x.png; sourceTree = "<group>"; };
		EA819E3517E9A53F00AED135 /* btnFont.png */ = {isa = PBXFileReference; lastKnownFileType = image.png; path = btnFont.png; sourceTree = "<group>"; };
		EA819E3617E9A53F00AED135 /* btnFont2x.png */ = {isa = PBXFileReference; lastKnownFileType = image.png; path = btnFont2x.png; sourceTree = "<group>"; };
		EA819E3917E9F7A200AED135 /* btnFx.png */ = {isa = PBXFileReference; lastKnownFileType = image.png; path = btnFx.png; sourceTree = "<group>"; };
		EA819E3A17E9F7A300AED135 /* btnFx2x.png */ = {isa = PBXFileReference; lastKnownFileType = image.png; path = btnFx2x.png; sourceTree = "<group>"; };
		EA83C79A17D6229600AEB76A /* colors.png */ = {isa = PBXFileReference; lastKnownFileType = image.png; path = colors.png; sourceTree = "<group>"; };
		EA83C79B17D6229600AEB76A /* colors2x.png */ = {isa = PBXFileReference; lastKnownFileType = image.png; path = colors2x.png; sourceTree = "<group>"; };
		EA83C79E17D622F900AEB76A /* colors-highlighted.png */ = {isa = PBXFileReference; lastKnownFileType = image.png; path = "colors-highlighted.png"; sourceTree = "<group>"; };
		EA83C79F17D622F900AEB76A /* colors2x-highlighted.png */ = {isa = PBXFileReference; lastKnownFileType = image.png; path = "colors2x-highlighted.png"; sourceTree = "<group>"; };
		EA83C7A217D62A4300AEB76A /* RenklerViewController.h */ = {isa = PBXFileReference; fileEncoding = 4; lastKnownFileType = sourcecode.c.h; path = RenklerViewController.h; sourceTree = "<group>"; };
		EA83C7A317D62A4300AEB76A /* RenklerViewController.m */ = {isa = PBXFileReference; fileEncoding = 4; lastKnownFileType = sourcecode.c.objc; path = RenklerViewController.m; sourceTree = "<group>"; };
		EA9CEEFB17D9C0AC009994A5 /* FontPicker.h */ = {isa = PBXFileReference; fileEncoding = 4; lastKnownFileType = sourcecode.c.h; path = FontPicker.h; sourceTree = "<group>"; };
		EA9CEEFC17D9C0AC009994A5 /* FontPicker.m */ = {isa = PBXFileReference; fileEncoding = 4; lastKnownFileType = sourcecode.c.objc; path = FontPicker.m; sourceTree = "<group>"; };
		EA9D2E5D17DDC8FE00209F94 /* pw_pattern_@4X.png */ = {isa = PBXFileReference; lastKnownFileType = image.png; path = "pw_pattern_@4X.png"; sourceTree = "<group>"; };
		EA9FA6DC17CF8E5A003938E4 /* minus.png */ = {isa = PBXFileReference; lastKnownFileType = image.png; path = minus.png; sourceTree = "<group>"; };
		EA9FA6DD17CF8E5A003938E4 /* minus2x.png */ = {isa = PBXFileReference; lastKnownFileType = image.png; path = minus2x.png; sourceTree = "<group>"; };
		EA9FA6DE17CF8E5A003938E4 /* plus.png */ = {isa = PBXFileReference; lastKnownFileType = image.png; path = plus.png; sourceTree = "<group>"; };
		EA9FA6DF17CF8E5A003938E4 /* plus2x.png */ = {isa = PBXFileReference; lastKnownFileType = image.png; path = plus2x.png; sourceTree = "<group>"; };
		EA9FA6E417CF9299003938E4 /* minus-highlighted.png */ = {isa = PBXFileReference; lastKnownFileType = image.png; path = "minus-highlighted.png"; sourceTree = "<group>"; };
		EA9FA6E517CF9299003938E4 /* minus-highlighted2x.png */ = {isa = PBXFileReference; lastKnownFileType = image.png; path = "minus-highlighted2x.png"; sourceTree = "<group>"; };
		EA9FA6E617CF9299003938E4 /* plus-highlighted.png */ = {isa = PBXFileReference; lastKnownFileType = image.png; path = "plus-highlighted.png"; sourceTree = "<group>"; };
		EA9FA6E717CF9299003938E4 /* plus-highlighted2x.png */ = {isa = PBXFileReference; lastKnownFileType = image.png; path = "plus-highlighted2x.png"; sourceTree = "<group>"; };
		EAA1893817D870CD009E40CF /* QuartzCore.framework */ = {isa = PBXFileReference; lastKnownFileType = wrapper.framework; name = QuartzCore.framework; path = System/Library/Frameworks/QuartzCore.framework; sourceTree = SDKROOT; };
		EAA1893A17D8AB42009E40CF /* FontsTableView.h */ = {isa = PBXFileReference; fileEncoding = 4; lastKnownFileType = sourcecode.c.h; path = FontsTableView.h; sourceTree = "<group>"; };
		EAA1893B17D8AB42009E40CF /* FontsTableView.m */ = {isa = PBXFileReference; fileEncoding = 4; lastKnownFileType = sourcecode.c.objc; path = FontsTableView.m; sourceTree = "<group>"; };
		EAA414F617CDDCAE001E9E8A /* Sairane.app */ = {isa = PBXFileReference; explicitFileType = wrapper.application; includeInIndex = 0; path = Sairane.app; sourceTree = BUILT_PRODUCTS_DIR; };
		EAA414F917CDDCAE001E9E8A /* UIKit.framework */ = {isa = PBXFileReference; lastKnownFileType = wrapper.framework; name = UIKit.framework; path = System/Library/Frameworks/UIKit.framework; sourceTree = SDKROOT; };
		EAA414FB17CDDCAE001E9E8A /* Foundation.framework */ = {isa = PBXFileReference; lastKnownFileType = wrapper.framework; name = Foundation.framework; path = System/Library/Frameworks/Foundation.framework; sourceTree = SDKROOT; };
		EAA414FD17CDDCAE001E9E8A /* CoreGraphics.framework */ = {isa = PBXFileReference; lastKnownFileType = wrapper.framework; name = CoreGraphics.framework; path = System/Library/Frameworks/CoreGraphics.framework; sourceTree = SDKROOT; };
		EAA414FF17CDDCAE001E9E8A /* CoreData.framework */ = {isa = PBXFileReference; lastKnownFileType = wrapper.framework; name = CoreData.framework; path = System/Library/Frameworks/CoreData.framework; sourceTree = SDKROOT; };
		EAA4150317CDDCAE001E9E8A /* Sairane-Info.plist */ = {isa = PBXFileReference; lastKnownFileType = text.plist.xml; path = "Sairane-Info.plist"; sourceTree = "<group>"; };
		EAA4150517CDDCAE001E9E8A /* en */ = {isa = PBXFileReference; lastKnownFileType = text.plist.strings; name = en; path = en.lproj/InfoPlist.strings; sourceTree = "<group>"; };
		EAA4150717CDDCAE001E9E8A /* main.m */ = {isa = PBXFileReference; lastKnownFileType = sourcecode.c.objc; path = main.m; sourceTree = "<group>"; };
		EAA4150917CDDCAE001E9E8A /* Sairane-Prefix.pch */ = {isa = PBXFileReference; lastKnownFileType = sourcecode.c.h; path = "Sairane-Prefix.pch"; sourceTree = "<group>"; };
		EAA4150A17CDDCAE001E9E8A /* AppDelegate.h */ = {isa = PBXFileReference; lastKnownFileType = sourcecode.c.h; path = AppDelegate.h; sourceTree = "<group>"; };
		EAA4150B17CDDCAE001E9E8A /* AppDelegate.m */ = {isa = PBXFileReference; lastKnownFileType = sourcecode.c.objc; path = AppDelegate.m; sourceTree = "<group>"; };
		EAA4150D17CDDCAE001E9E8A /* Default.png */ = {isa = PBXFileReference; lastKnownFileType = image.png; path = Default.png; sourceTree = "<group>"; };
		EAA4150F17CDDCAE001E9E8A /* Default@2x.png */ = {isa = PBXFileReference; lastKnownFileType = image.png; path = "Default@2x.png"; sourceTree = "<group>"; };
		EAA4151117CDDCAE001E9E8A /* Default-568h@2x.png */ = {isa = PBXFileReference; lastKnownFileType = image.png; path = "Default-568h@2x.png"; sourceTree = "<group>"; };
		EAA4151417CDDCAE001E9E8A /* Sairane.xcdatamodel */ = {isa = PBXFileReference; lastKnownFileType = wrapper.xcdatamodel; path = Sairane.xcdatamodel; sourceTree = "<group>"; };
		EAA4151B17CDDCEB001E9E8A /* main.storyboard */ = {isa = PBXFileReference; fileEncoding = 4; lastKnownFileType = file.storyboard; path = main.storyboard; sourceTree = "<group>"; };
		EAA4151D17CDDD07001E9E8A /* MainViewController.h */ = {isa = PBXFileReference; fileEncoding = 4; lastKnownFileType = sourcecode.c.h; path = MainViewController.h; sourceTree = "<group>"; };
		EAA4151E17CDDD07001E9E8A /* MainViewController.m */ = {isa = PBXFileReference; fileEncoding = 4; lastKnownFileType = sourcecode.c.objc; path = MainViewController.m; sourceTree = "<group>"; };
		EAA4152017CDDE8D001E9E8A /* Wording.h */ = {isa = PBXFileReference; fileEncoding = 4; lastKnownFileType = sourcecode.c.h; path = Wording.h; sourceTree = "<group>"; };
		EAA4152117CDDE8D001E9E8A /* Wording.m */ = {isa = PBXFileReference; fileEncoding = 4; lastKnownFileType = sourcecode.c.objc; path = Wording.m; sourceTree = "<group>"; };
/* End PBXFileReference section */

/* Begin PBXFrameworksBuildPhase section */
		EAA414F317CDDCAE001E9E8A /* Frameworks */ = {
			isa = PBXFrameworksBuildPhase;
			buildActionMask = 2147483647;
			files = (
				EAA1893917D870CD009E40CF /* QuartzCore.framework in Frameworks */,
				EAA414FA17CDDCAE001E9E8A /* UIKit.framework in Frameworks */,
				EAA414FC17CDDCAE001E9E8A /* Foundation.framework in Frameworks */,
				EAA414FE17CDDCAE001E9E8A /* CoreGraphics.framework in Frameworks */,
				EAA4150017CDDCAE001E9E8A /* CoreData.framework in Frameworks */,
			);
			runOnlyForDeploymentPostprocessing = 0;
		};
/* End PBXFrameworksBuildPhase section */

/* Begin PBXGroup section */
		EA72011E17EC6CC20060AC7C /* Save-Load */ = {
			isa = PBXGroup;
			children = (
				EA72011B17EC6CB90060AC7C /* SavePoetry.h */,
				EA72011C17EC6CB90060AC7C /* SavePoetry.m */,
				EA72012217EC85A00060AC7C /* SavePoetryView.h */,
				EA72012317EC85A00060AC7C /* SavePoetryView.m */,
			);
			name = "Save-Load";
			sourceTree = "<group>";
		};
		EAA414ED17CDDCAE001E9E8A = {
			isa = PBXGroup;
			children = (
				EA72011E17EC6CC20060AC7C /* Save-Load */,
				EAA4152917CE4AB5001E9E8A /* images */,
				EAA4152317CDDE90001E9E8A /* Wording */,
				EAA4150117CDDCAE001E9E8A /* Sairane */,
				EAA414F817CDDCAE001E9E8A /* Frameworks */,
				EAA414F717CDDCAE001E9E8A /* Products */,
			);
			sourceTree = "<group>";
		};
		EAA414F717CDDCAE001E9E8A /* Products */ = {
			isa = PBXGroup;
			children = (
				EAA414F617CDDCAE001E9E8A /* Sairane.app */,
			);
			name = Products;
			sourceTree = "<group>";
		};
		EAA414F817CDDCAE001E9E8A /* Frameworks */ = {
			isa = PBXGroup;
			children = (
				EAA1893817D870CD009E40CF /* QuartzCore.framework */,
				EAA414F917CDDCAE001E9E8A /* UIKit.framework */,
				EAA414FB17CDDCAE001E9E8A /* Foundation.framework */,
				EAA414FD17CDDCAE001E9E8A /* CoreGraphics.framework */,
				EAA414FF17CDDCAE001E9E8A /* CoreData.framework */,
			);
			name = Frameworks;
			sourceTree = "<group>";
		};
		EAA4150117CDDCAE001E9E8A /* Sairane */ = {
			isa = PBXGroup;
			children = (
				EAA4151B17CDDCEB001E9E8A /* main.storyboard */,
				EAA4150A17CDDCAE001E9E8A /* AppDelegate.h */,
				EAA4150B17CDDCAE001E9E8A /* AppDelegate.m */,
				EA9CEEFB17D9C0AC009994A5 /* FontPicker.h */,
				EA9CEEFC17D9C0AC009994A5 /* FontPicker.m */,
				EAA1893A17D8AB42009E40CF /* FontsTableView.h */,
				EAA1893B17D8AB42009E40CF /* FontsTableView.m */,
				EA2BDD3F17D4E27D006A95FB /* KelimeEkleViewController.h */,
				EA2BDD4017D4E27D006A95FB /* KelimeEkleViewController.m */,
				EAA4151D17CDDD07001E9E8A /* MainViewController.h */,
				EAA4151E17CDDD07001E9E8A /* MainViewController.m */,
				EA83C7A217D62A4300AEB76A /* RenklerViewController.h */,
				EA83C7A317D62A4300AEB76A /* RenklerViewController.m */,
				EAA4151317CDDCAE001E9E8A /* Sairane.xcdatamodeld */,
				EAA4150217CDDCAE001E9E8A /* Supporting Files */,
			);
			path = Sairane;
			sourceTree = "<group>";
		};
		EAA4150217CDDCAE001E9E8A /* Supporting Files */ = {
			isa = PBXGroup;
			children = (
				EAA4150317CDDCAE001E9E8A /* Sairane-Info.plist */,
				EAA4150417CDDCAE001E9E8A /* InfoPlist.strings */,
				EAA4150717CDDCAE001E9E8A /* main.m */,
				EAA4150917CDDCAE001E9E8A /* Sairane-Prefix.pch */,
				EAA4150D17CDDCAE001E9E8A /* Default.png */,
				EAA4150F17CDDCAE001E9E8A /* Default@2x.png */,
				EAA4151117CDDCAE001E9E8A /* Default-568h@2x.png */,
			);
			name = "Supporting Files";
			sourceTree = "<group>";
		};
		EAA4152317CDDE90001E9E8A /* Wording */ = {
			isa = PBXGroup;
			children = (
				EAA4152017CDDE8D001E9E8A /* Wording.h */,
				EAA4152117CDDE8D001E9E8A /* Wording.m */,
			);
			name = Wording;
			sourceTree = "<group>";
		};
		EAA4152917CE4AB5001E9E8A /* images */ = {
			isa = PBXGroup;
			children = (
				EA72011717EC319F0060AC7C /* btnMenu.png */,
				EA72011817EC319F0060AC7C /* btnMenu2x.png */,
				EA819E3917E9F7A200AED135 /* btnFx.png */,
				EA819E3A17E9F7A300AED135 /* btnFx2x.png */,
				EA819E3517E9A53F00AED135 /* btnFont.png */,
				EA819E3617E9A53F00AED135 /* btnFont2x.png */,
				EA819E3117E9A3F800AED135 /* btnArkaPlan.png */,
				EA819E3217E9A3F800AED135 /* btnArkaPlan2x.png */,
				EA9D2E5D17DDC8FE00209F94 /* pw_pattern_@4X.png */,
				EA5A7B5917D73CAD005FE249 /* btnGeri.png */,
				EA5A7B5A17D73CAD005FE249 /* btnGeri2x.png */,
				EA5A7B5717D72F8B005FE249 /* btnOk.png */,
				EA5A7B5417D72E29005FE249 /* btnOk2x.png */,
				EA83C79E17D622F900AEB76A /* colors-highlighted.png */,
				EA83C79F17D622F900AEB76A /* colors2x-highlighted.png */,
				EA83C79A17D6229600AEB76A /* colors.png */,
				EA83C79B17D6229600AEB76A /* colors2x.png */,
				EA9FA6E417CF9299003938E4 /* minus-highlighted.png */,
				EA9FA6E517CF9299003938E4 /* minus-highlighted2x.png */,
				EA9FA6E617CF9299003938E4 /* plus-highlighted.png */,
				EA9FA6E717CF9299003938E4 /* plus-highlighted2x.png */,
				EA9FA6DC17CF8E5A003938E4 /* minus.png */,
				EA9FA6DD17CF8E5A003938E4 /* minus2x.png */,
				EA9FA6DE17CF8E5A003938E4 /* plus.png */,
				EA9FA6DF17CF8E5A003938E4 /* plus2x.png */,
			);
			name = images;
			sourceTree = "<group>";
		};
/* End PBXGroup section */

/* Begin PBXNativeTarget section */
		EAA414F517CDDCAE001E9E8A /* Sairane */ = {
			isa = PBXNativeTarget;
			buildConfigurationList = EAA4151817CDDCAE001E9E8A /* Build configuration list for PBXNativeTarget "Sairane" */;
			buildPhases = (
				EAA414F217CDDCAE001E9E8A /* Sources */,
				EAA414F317CDDCAE001E9E8A /* Frameworks */,
				EAA414F417CDDCAE001E9E8A /* Resources */,
			);
			buildRules = (
			);
			dependencies = (
			);
			name = Sairane;
			productName = Sairane;
			productReference = EAA414F617CDDCAE001E9E8A /* Sairane.app */;
			productType = "com.apple.product-type.application";
		};
/* End PBXNativeTarget section */

/* Begin PBXProject section */
		EAA414EE17CDDCAE001E9E8A /* Project object */ = {
			isa = PBXProject;
			attributes = {
				LastUpgradeCheck = 0460;
				ORGANIZATIONNAME = selcuk.cigir;
			};
			buildConfigurationList = EAA414F117CDDCAE001E9E8A /* Build configuration list for PBXProject "Sairane" */;
			compatibilityVersion = "Xcode 3.2";
			developmentRegion = English;
			hasScannedForEncodings = 0;
			knownRegions = (
				en,
			);
			mainGroup = EAA414ED17CDDCAE001E9E8A;
			productRefGroup = EAA414F717CDDCAE001E9E8A /* Products */;
			projectDirPath = "";
			projectRoot = "";
			targets = (
				EAA414F517CDDCAE001E9E8A /* Sairane */,
			);
		};
/* End PBXProject section */

/* Begin PBXResourcesBuildPhase section */
		EAA414F417CDDCAE001E9E8A /* Resources */ = {
			isa = PBXResourcesBuildPhase;
			buildActionMask = 2147483647;
			files = (
				EAA4150617CDDCAE001E9E8A /* InfoPlist.strings in Resources */,
				EAA4150E17CDDCAE001E9E8A /* Default.png in Resources */,
				EAA4151017CDDCAE001E9E8A /* Default@2x.png in Resources */,
				EAA4151217CDDCAE001E9E8A /* Default-568h@2x.png in Resources */,
				EAA4151C17CDDCEB001E9E8A /* main.storyboard in Resources */,
				EA9FA6E017CF8E5A003938E4 /* minus.png in Resources */,
				EA9FA6E117CF8E5A003938E4 /* minus2x.png in Resources */,
				EA9FA6E217CF8E5A003938E4 /* plus.png in Resources */,
				EA9FA6E317CF8E5A003938E4 /* plus2x.png in Resources */,
				EA9FA6E817CF9299003938E4 /* minus-highlighted.png in Resources */,
				EA9FA6E917CF9299003938E4 /* minus-highlighted2x.png in Resources */,
				EA9FA6EA17CF9299003938E4 /* plus-highlighted.png in Resources */,
				EA9FA6EB17CF9299003938E4 /* plus-highlighted2x.png in Resources */,
				EA83C79C17D6229600AEB76A /* colors.png in Resources */,
				EA83C79D17D6229600AEB76A /* colors2x.png in Resources */,
				EA72011A17EC319F0060AC7C /* btnMenu2x.png in Resources */,
				EA83C7A017D622F900AEB76A /* colors-highlighted.png in Resources */,
				EA83C7A117D622F900AEB76A /* colors2x-highlighted.png in Resources */,
				EA5A7B5617D72E29005FE249 /* btnOk2x.png in Resources */,
				EA5A7B5817D72F8B005FE249 /* btnOk.png in Resources */,
				EA5A7B5B17D73CAD005FE249 /* btnGeri.png in Resources */,
				EA72011917EC319F0060AC7C /* btnMenu.png in Resources */,
				EA5A7B5C17D73CAD005FE249 /* btnGeri2x.png in Resources */,
				EA9D2E5F17DDC8FE00209F94 /* pw_pattern_@4X.png in Resources */,
				EA819E3317E9A3F800AED135 /* btnArkaPlan.png in Resources */,
				EA819E3417E9A3F800AED135 /* btnArkaPlan2x.png in Resources */,
				EA819E3717E9A53F00AED135 /* btnFont.png in Resources */,
				EA819E3817E9A53F00AED135 /* btnFont2x.png in Resources */,
				EA819E3B17E9F7A300AED135 /* btnFx.png in Resources */,
				EA819E3C17E9F7A300AED135 /* btnFx2x.png in Resources */,
			);
			runOnlyForDeploymentPostprocessing = 0;
		};
/* End PBXResourcesBuildPhase section */

/* Begin PBXSourcesBuildPhase section */
		EAA414F217CDDCAE001E9E8A /* Sources */ = {
			isa = PBXSourcesBuildPhase;
			buildActionMask = 2147483647;
			files = (
				EAA4150817CDDCAE001E9E8A /* main.m in Sources */,
				EAA4150C17CDDCAE001E9E8A /* AppDelegate.m in Sources */,
				EAA4151517CDDCAE001E9E8A /* Sairane.xcdatamodeld in Sources */,
				EAA4151F17CDDD07001E9E8A /* MainViewController.m in Sources */,
				EAA4152217CDDE8D001E9E8A /* Wording.m in Sources */,
				EA2BDD4117D4E27D006A95FB /* KelimeEkleViewController.m in Sources */,
				EA83C7A417D62A4300AEB76A /* RenklerViewController.m in Sources */,
				EA72011D17EC6CB90060AC7C /* SavePoetry.m in Sources */,
				EAA1893C17D8AB42009E40CF /* FontsTableView.m in Sources */,
				EA9CEEFD17D9C0AC009994A5 /* FontPicker.m in Sources */,
				EA72012417EC85A00060AC7C /* SavePoetryView.m in Sources */,
			);
			runOnlyForDeploymentPostprocessing = 0;
		};
/* End PBXSourcesBuildPhase section */

/* Begin PBXVariantGroup section */
		EAA4150417CDDCAE001E9E8A /* InfoPlist.strings */ = {
			isa = PBXVariantGroup;
			children = (
				EAA4150517CDDCAE001E9E8A /* en */,
			);
			name = InfoPlist.strings;
			sourceTree = "<group>";
		};
/* End PBXVariantGroup section */

/* Begin XCBuildConfiguration section */
		EAA4151617CDDCAE001E9E8A /* Debug */ = {
			isa = XCBuildConfiguration;
			buildSettings = {
				ALWAYS_SEARCH_USER_PATHS = NO;
				CLANG_CXX_LANGUAGE_STANDARD = "gnu++0x";
				CLANG_CXX_LIBRARY = "libc++";
				CLANG_ENABLE_OBJC_ARC = YES;
				CLANG_WARN_CONSTANT_CONVERSION = YES;
				CLANG_WARN_EMPTY_BODY = YES;
				CLANG_WARN_ENUM_CONVERSION = YES;
				CLANG_WARN_INT_CONVERSION = YES;
				CLANG_WARN__DUPLICATE_METHOD_MATCH = YES;
				"CODE_SIGN_IDENTITY[sdk=iphoneos*]" = "iPhone Developer";
				COPY_PHASE_STRIP = NO;
				GCC_C_LANGUAGE_STANDARD = gnu99;
				GCC_DYNAMIC_NO_PIC = NO;
				GCC_OPTIMIZATION_LEVEL = 0;
				GCC_PREPROCESSOR_DEFINITIONS = (
					"DEBUG=1",
					"$(inherited)",
				);
				GCC_SYMBOLS_PRIVATE_EXTERN = NO;
				GCC_WARN_ABOUT_RETURN_TYPE = YES;
				GCC_WARN_UNINITIALIZED_AUTOS = YES;
				GCC_WARN_UNUSED_VARIABLE = YES;
				IPHONEOS_DEPLOYMENT_TARGET = 7.0;
				ONLY_ACTIVE_ARCH = YES;
				SDKROOT = iphoneos;
			};
			name = Debug;
		};
		EAA4151717CDDCAE001E9E8A /* Release */ = {
			isa = XCBuildConfiguration;
			buildSettings = {
				ALWAYS_SEARCH_USER_PATHS = NO;
				CLANG_CXX_LANGUAGE_STANDARD = "gnu++0x";
				CLANG_CXX_LIBRARY = "libc++";
				CLANG_ENABLE_OBJC_ARC = YES;
				CLANG_WARN_CONSTANT_CONVERSION = YES;
				CLANG_WARN_EMPTY_BODY = YES;
				CLANG_WARN_ENUM_CONVERSION = YES;
				CLANG_WARN_INT_CONVERSION = YES;
				CLANG_WARN__DUPLICATE_METHOD_MATCH = YES;
				"CODE_SIGN_IDENTITY[sdk=iphoneos*]" = "iPhone Developer";
				COPY_PHASE_STRIP = YES;
				GCC_C_LANGUAGE_STANDARD = gnu99;
				GCC_WARN_ABOUT_RETURN_TYPE = YES;
				GCC_WARN_UNINITIALIZED_AUTOS = YES;
				GCC_WARN_UNUSED_VARIABLE = YES;
				IPHONEOS_DEPLOYMENT_TARGET = 7.0;
				OTHER_CFLAGS = "-DNS_BLOCK_ASSERTIONS=1";
				SDKROOT = iphoneos;
				VALIDATE_PRODUCT = YES;
			};
			name = Release;
		};
		EAA4151917CDDCAE001E9E8A /* Debug */ = {
			isa = XCBuildConfiguration;
			buildSettings = {
				GCC_PRECOMPILE_PREFIX_HEADER = YES;
				GCC_PREFIX_HEADER = "Sairane/Sairane-Prefix.pch";
				INFOPLIST_FILE = "Sairane/Sairane-Info.plist";
				PRODUCT_NAME = "$(TARGET_NAME)";
				WRAPPER_EXTENSION = app;
			};
			name = Debug;
		};
		EAA4151A17CDDCAE001E9E8A /* Release */ = {
			isa = XCBuildConfiguration;
			buildSettings = {
				GCC_PRECOMPILE_PREFIX_HEADER = YES;
				GCC_PREFIX_HEADER = "Sairane/Sairane-Prefix.pch";
				INFOPLIST_FILE = "Sairane/Sairane-Info.plist";
				PRODUCT_NAME = "$(TARGET_NAME)";
				WRAPPER_EXTENSION = app;
			};
			name = Release;
		};
/* End XCBuildConfiguration section */

/* Begin XCConfigurationList section */
		EAA414F117CDDCAE001E9E8A /* Build configuration list for PBXProject "Sairane" */ = {
			isa = XCConfigurationList;
			buildConfigurations = (
				EAA4151617CDDCAE001E9E8A /* Debug */,
				EAA4151717CDDCAE001E9E8A /* Release */,
			);
			defaultConfigurationIsVisible = 0;
			defaultConfigurationName = Release;
		};
		EAA4151817CDDCAE001E9E8A /* Build configuration list for PBXNativeTarget "Sairane" */ = {
			isa = XCConfigurationList;
			buildConfigurations = (
				EAA4151917CDDCAE001E9E8A /* Debug */,
				EAA4151A17CDDCAE001E9E8A /* Release */,
			);
			defaultConfigurationIsVisible = 0;
			defaultConfigurationName = Release;
		};
/* End XCConfigurationList section */

/* Begin XCVersionGroup section */
		EAA4151317CDDCAE001E9E8A /* Sairane.xcdatamodeld */ = {
			isa = XCVersionGroup;
			children = (
				EAA4151417CDDCAE001E9E8A /* Sairane.xcdatamodel */,
			);
			currentVersion = EAA4151417CDDCAE001E9E8A /* Sairane.xcdatamodel */;
			path = Sairane.xcdatamodeld;
			sourceTree = "<group>";
			versionGroupType = wrapper.xcdatamodel;
		};
/* End XCVersionGroup section */
	};
	rootObject = EAA414EE17CDDCAE001E9E8A /* Project object */;
}
